github.com/gonuts/binary v0.1.0 h1:oVfskRjTSl2f9M2HYtX64IPzXaDvXbBQHCwUI6jfAtk=
github.com/gonuts/binary v0.1.0/go.mod h1:4CAt43hCGBSSZzDSCpAN4hErmhJgDVcby8PrQLghc4o=
github.com/visualfc/fastmod v0.0.0-20181023023047-cd7891997d76 h1:UpopFuxbFvGuk1IaSVLvJJRBzkcqyhWS+I3arpNcRbs=
github.com/visualfc/fastmod v0.0.0-20181023023047-cd7891997d76/go.mod h1:qklLSKOIVNIn5SdfGlics3Ljx4kOC29a2gwOS+NjDnQ=
github.com/visualfc/gocode v0.0.0-20181111072933-dfb212f51f3c h1:snyfasRPhlQXBdI/Y4Yy5Pp+GX2opF8YCAMQmn7x4/8=
github.com/visualfc/gocode v0.0.0-20181111072933-dfb212f51f3c/go.mod h1:jpZqxVZ6mC+EjvX9RrJnIKbM40y/DSWI8bisCpS8Tfw=
github.com/visualfc/gotools v0.0.0-20181110135504-1fc579a9c98c h1:HdOOe4sw8Qbwgz2vsFbtRFsYM9UYsJnk5Gz9hW6dlGg=
github.com/visualfc/gotools v0.0.0-20181110135504-1fc579a9c98c/go.mod h1:L4JCuK2/abY1jUXNDGB3gS9uWSQut22gKWkTe1R8b70=
golang.org/x/tools v0.0.0-20181111003725-6d71ab8aade0 h1:/3bE5RJC79/P5HYl3owP5NbsS+fnVQvUj9tsEE5x/qM=
golang.org/x/tools v0.0.0-20181111003725-6d71ab8aade0/go.mod h1:n7NCudcB/nEzxVGmLbDWY5pfWTLqBcC2KZ6jyYvM4mQ=
golang.org/x/tools v0.0.0-20181112162442-680468b7556f h1:Hbe0K6nMM8Sgizt0M4EJncuo0fsqDCl2RGfUr8UdxZg=
golang.org/x/tools v0.0.0-20181112195638-806e1cfd89d5 h1:Syg/Ocv8839mcUgfyD8DALYuoaLLm7KAQM/dc9b8UqQ=
